
Microsoft Visual Studio Solution File, Format Version 12.00
# Visual Studio 15
VisualStudioVersion = 15.0.28010.2048
MinimumVisualStudioVersion = 10.0.40219.1
Project("{FAE04EC0-301F-11D3-BF4B-00C04F79EFBC}") = "Task01", "Task01\Task01.csproj", "{8B9A3F5A-F5E8-49ED-A613-A7CE8EDDE857}"
EndProject
Project("{FAE04EC0-301F-11D3-BF4B-00C04F79EFBC}") = "Task02", "Task02\Task02.csproj", "{5CF59A96-F1D6-4F90-82ED-C639FE8689F7}"
EndProject
Project("{FAE04EC0-301F-11D3-BF4B-00C04F79EFBC}") = "Task04", "Task04\Task04.csproj", "{22FC84D0-631E-4CFD-9A5A-CFF2E2FEC72E}"
EndProject
Project("{FAE04EC0-301F-11D3-BF4B-00C04F79EFBC}") = "Task03", "Task03\Task03.csproj", "{9E66EFF5-51F3-443D-A2F0-06CF922FC994}"
EndProject
Project("{FAE04EC0-301F-11D3-BF4B-00C04F79EFBC}") = "Task05.1", "Task05.1\Task05.1.csproj", "{A90C9570-B58C-4A5A-9D86-02783F70B38E}"
EndProject
Project("{FAE04EC0-301F-11D3-BF4B-00C04F79EFBC}") = "Task06", "Task06\Task06.csproj", "{33B7FAC8-F313-4187-8402-FFB9A53A9012}"
EndProject
Project("{FAE04EC0-301F-11D3-BF4B-00C04F79EFBC}") = "Task07", "Task07\Task07.csproj", "{798EAB25-E654-4E26-AD2D-425489DFA6CD}"
EndProject
Project("{FAE04EC0-301F-11D3-BF4B-00C04F79EFBC}") = "Task08", "Task08\Task08.csproj", "{558BE32B-3AC1-40EC-9D64-7A5BA65206E7}"
EndProject
Project("{FAE04EC0-301F-11D3-BF4B-00C04F79EFBC}") = "Task09", "Task09\Task09.csproj", "{915A636C-3805-438B-8430-314A115BE482}"
EndProject
Project("{FAE04EC0-301F-11D3-BF4B-00C04F79EFBC}") = "Task10", "Task10\Task10.csproj", "{0276DFCD-20D2-4DDF-9291-EC5AA0A0087A}"
EndProject
Project("{FAE04EC0-301F-11D3-BF4B-00C04F79EFBC}") = "Task11", "Task11\Task11.csproj", "{CC43CEFC-348C-4164-8D18-C709F5867BB0}"
EndProject
Global
	GlobalSection(SolutionConfigurationPlatforms) = preSolution
		Debug|Any CPU = Debug|Any CPU
		Release|Any CPU = Release|Any CPU
	EndGlobalSection
	GlobalSection(ProjectConfigurationPlatforms) = postSolution
		{8B9A3F5A-F5E8-49ED-A613-A7CE8EDDE857}.Debug|Any CPU.ActiveCfg = Debug|Any CPU
		{8B9A3F5A-F5E8-49ED-A613-A7CE8EDDE857}.Debug|Any CPU.Build.0 = Debug|Any CPU
		{8B9A3F5A-F5E8-49ED-A613-A7CE8EDDE857}.Release|Any CPU.ActiveCfg = Release|Any CPU
		{8B9A3F5A-F5E8-49ED-A613-A7CE8EDDE857}.Release|Any CPU.Build.0 = Release|Any CPU
		{5CF59A96-F1D6-4F90-82ED-C639FE8689F7}.Debug|Any CPU.ActiveCfg = Debug|Any CPU
		{5CF59A96-F1D6-4F90-82ED-C639FE8689F7}.Debug|Any CPU.Build.0 = Debug|Any CPU
		{5CF59A96-F1D6-4F90-82ED-C639FE8689F7}.Release|Any CPU.ActiveCfg = Release|Any CPU
		{5CF59A96-F1D6-4F90-82ED-C639FE8689F7}.Release|Any CPU.Build.0 = Release|Any CPU
		{22FC84D0-631E-4CFD-9A5A-CFF2E2FEC72E}.Debug|Any CPU.ActiveCfg = Debug|Any CPU
		{22FC84D0-631E-4CFD-9A5A-CFF2E2FEC72E}.Debug|Any CPU.Build.0 = Debug|Any CPU
		{22FC84D0-631E-4CFD-9A5A-CFF2E2FEC72E}.Release|Any CPU.ActiveCfg = Release|Any CPU
		{22FC84D0-631E-4CFD-9A5A-CFF2E2FEC72E}.Release|Any CPU.Build.0 = Release|Any CPU
		{9E66EFF5-51F3-443D-A2F0-06CF922FC994}.Debug|Any CPU.ActiveCfg = Debug|Any CPU
		{9E66EFF5-51F3-443D-A2F0-06CF922FC994}.Debug|Any CPU.Build.0 = Debug|Any CPU
		{9E66EFF5-51F3-443D-A2F0-06CF922FC994}.Release|Any CPU.ActiveCfg = Release|Any CPU
		{9E66EFF5-51F3-443D-A2F0-06CF922FC994}.Release|Any CPU.Build.0 = Release|Any CPU
		{A90C9570-B58C-4A5A-9D86-02783F70B38E}.Debug|Any CPU.ActiveCfg = Debug|Any CPU
		{A90C9570-B58C-4A5A-9D86-02783F70B38E}.Debug|Any CPU.Build.0 = Debug|Any CPU
		{A90C9570-B58C-4A5A-9D86-02783F70B38E}.Release|Any CPU.ActiveCfg = Release|Any CPU
		{A90C9570-B58C-4A5A-9D86-02783F70B38E}.Release|Any CPU.Build.0 = Release|Any CPU
		{33B7FAC8-F313-4187-8402-FFB9A53A9012}.Debug|Any CPU.ActiveCfg = Debug|Any CPU
		{33B7FAC8-F313-4187-8402-FFB9A53A9012}.Debug|Any CPU.Build.0 = Debug|Any CPU
		{33B7FAC8-F313-4187-8402-FFB9A53A9012}.Release|Any CPU.ActiveCfg = Release|Any CPU
		{33B7FAC8-F313-4187-8402-FFB9A53A9012}.Release|Any CPU.Build.0 = Release|Any CPU
		{798EAB25-E654-4E26-AD2D-425489DFA6CD}.Debug|Any CPU.ActiveCfg = Debug|Any CPU
		{798EAB25-E654-4E26-AD2D-425489DFA6CD}.Debug|Any CPU.Build.0 = Debug|Any CPU
		{798EAB25-E654-4E26-AD2D-425489DFA6CD}.Release|Any CPU.ActiveCfg = Release|Any CPU
		{798EAB25-E654-4E26-AD2D-425489DFA6CD}.Release|Any CPU.Build.0 = Release|Any CPU
		{558BE32B-3AC1-40EC-9D64-7A5BA65206E7}.Debug|Any CPU.ActiveCfg = Debug|Any CPU
		{558BE32B-3AC1-40EC-9D64-7A5BA65206E7}.Debug|Any CPU.Build.0 = Debug|Any CPU
		{558BE32B-3AC1-40EC-9D64-7A5BA65206E7}.Release|Any CPU.ActiveCfg = Release|Any CPU
		{558BE32B-3AC1-40EC-9D64-7A5BA65206E7}.Release|Any CPU.Build.0 = Release|Any CPU
		{915A636C-3805-438B-8430-314A115BE482}.Debug|Any CPU.ActiveCfg = Debug|Any CPU
		{915A636C-3805-438B-8430-314A115BE482}.Debug|Any CPU.Build.0 = Debug|Any CPU
		{915A636C-3805-438B-8430-314A115BE482}.Release|Any CPU.ActiveCfg = Release|Any CPU
		{915A636C-3805-438B-8430-314A115BE482}.Release|Any CPU.Build.0 = Release|Any CPU
		{0276DFCD-20D2-4DDF-9291-EC5AA0A0087A}.Debug|Any CPU.ActiveCfg = Debug|Any CPU
		{0276DFCD-20D2-4DDF-9291-EC5AA0A0087A}.Debug|Any CPU.Build.0 = Debug|Any CPU
		{0276DFCD-20D2-4DDF-9291-EC5AA0A0087A}.Release|Any CPU.ActiveCfg = Release|Any CPU
		{0276DFCD-20D2-4DDF-9291-EC5AA0A0087A}.Release|Any CPU.Build.0 = Release|Any CPU
		{CC43CEFC-348C-4164-8D18-C709F5867BB0}.Debug|Any CPU.ActiveCfg = Debug|Any CPU
		{CC43CEFC-348C-4164-8D18-C709F5867BB0}.Debug|Any CPU.Build.0 = Debug|Any CPU
		{CC43CEFC-348C-4164-8D18-C709F5867BB0}.Release|Any CPU.ActiveCfg = Release|Any CPU
		{CC43CEFC-348C-4164-8D18-C709F5867BB0}.Release|Any CPU.Build.0 = Release|Any CPU
	EndGlobalSection
	GlobalSection(SolutionProperties) = preSolution
		HideSolutionNode = FALSE
	EndGlobalSection
	GlobalSection(ExtensibilityGlobals) = postSolution
		SolutionGuid = {8F32444C-370F-4548-ABE8-3FB4A7DA3276}
	EndGlobalSection
EndGlobal
